github.com/LordMathis/hugo-theme-nightfall v0.6.1 h1:O9MXJpRv8A6Gxn2xUQHZJ2PVq4ryORlht6d4miUXrvI=
github.com/LordMathis/hugo-theme-nightfall v0.6.1/go.mod h1:0tCPxAeg5+tWhv17517Q8Lti/TPh0KNyON/uferEU30=
github.com/yukuro/hugo-theme-shell v0.1.5 h1:nsLWN3X5DYralwUHunSNAZTsXUwmK0buRyD9O1ViOs8=
github.com/yukuro/hugo-theme-shell v0.1.5/go.mod h1:ke0Gm8MBCFlTdVQD1oIBWT142EQyS4ljcWHk+ylDi8o=
gitlab.com/jmfergeau/hugo.386 v0.0.0-20230415163320-2e2a41232ab5 h1:hN7UaUv24mbc1HZp0UruNSmUcAtqh7i9MPzkZYwPEAA=
gitlab.com/jmfergeau/hugo.386 v0.0.0-20230415163320-2e2a41232ab5/go.mod h1:99sSe6Qtqn3Gyxf7MABnk4Ejjrvqs8fmUekp6H+FjD4=
